{
    "_readme": [
        "This file locks the dependencies of your project to a known state",
        "Read more about it at https://getcomposer.org/doc/01-basic-usage.md#composer-lock-the-lock-file",
        "This file is @generated automatically"
    ],
    "hash": "6c1ec8226e83431a21474d042576f24c",
    "content-hash": "8260909c9d157864bdaa945dbadab488",
    "packages": [],
    "packages-dev": [],
    "aliases": [],
    "minimum-stability": "stable",
    "stability-flags": [],
    "prefer-stable": false,
    "prefer-lowest": false,
    "platform": {
        "ext-gd": "*",
        "php": "^5.6.5"
    },
    "platform-dev": []
}
